
Microsoft Visual Studio Solution File, Format Version 12.00
# Visual Studio 15
VisualStudioVersion = 15.0.27703.2018
MinimumVisualStudioVersion = 10.0.40219.1
Project("{FAE04EC0-301F-11D3-BF4B-00C04F79EFBC}") = "Ser.Aws", "src\main\csharp\Ser.Aws\Ser.Aws.csproj", "{D56F40A7-F564-437C-B22F-637E22E4F7C3}"
EndProject
Project("{54435603-DBB4-11D2-8724-00A0C9A8B90C}") = "Setup", "Setup\Setup.vdproj", "{A7ADF325-FFE5-49A5-87E5-A3BB11362F42}"
EndProject
Global
	GlobalSection(SolutionConfigurationPlatforms) = preSolution
		Debug|Any CPU = Debug|Any CPU
		Release|Any CPU = Release|Any CPU
	EndGlobalSection
	GlobalSection(ProjectConfigurationPlatforms) = postSolution
		{D56F40A7-F564-437C-B22F-637E22E4F7C3}.Debug|Any CPU.ActiveCfg = Debug|Any CPU
		{D56F40A7-F564-437C-B22F-637E22E4F7C3}.Debug|Any CPU.Build.0 = Debug|Any CPU
		{D56F40A7-F564-437C-B22F-637E22E4F7C3}.Release|Any CPU.ActiveCfg = Release|Any CPU
		{D56F40A7-F564-437C-B22F-637E22E4F7C3}.Release|Any CPU.Build.0 = Release|Any CPU
		{A7ADF325-FFE5-49A5-87E5-A3BB11362F42}.Debug|Any CPU.ActiveCfg = Debug
		{A7ADF325-FFE5-49A5-87E5-A3BB11362F42}.Release|Any CPU.ActiveCfg = Release
	EndGlobalSection
	GlobalSection(SolutionProperties) = preSolution
		HideSolutionNode = FALSE
	EndGlobalSection
	GlobalSection(ExtensibilityGlobals) = postSolution
		SolutionGuid = {E794231F-A0D3-40F1-A0D3-B0029A0EC2BF}
	EndGlobalSection
EndGlobal
